
Microsoft Visual Studio Solution File, Format Version 12.00
# Visual Studio Version 17
VisualStudioVersion = 17.7.34031.279
MinimumVisualStudioVersion = 10.0.40219.1
Project("{9A19103F-16F7-4668-BE54-9A1E7A4F7556}") = "NUnitDemo", "NUnitDemo.csproj", "{D53413C6-D9D5-45A4-8BC1-D77264D0D3E7}"
EndProject
Global
	GlobalSection(SolutionConfigurationPlatforms) = preSolution
		Debug|Any CPU = Debug|Any CPU
		Release|Any CPU = Release|Any CPU
	EndGlobalSection
	GlobalSection(ProjectConfigurationPlatforms) = postSolution
		{D53413C6-D9D5-45A4-8BC1-D77264D0D3E7}.Debug|Any CPU.ActiveCfg = Debug|Any CPU
		{D53413C6-D9D5-45A4-8BC1-D77264D0D3E7}.Debug|Any CPU.Build.0 = Debug|Any CPU
		{D53413C6-D9D5-45A4-8BC1-D77264D0D3E7}.Release|Any CPU.ActiveCfg = Release|Any CPU
		{D53413C6-D9D5-45A4-8BC1-D77264D0D3E7}.Release|Any CPU.Build.0 = Release|Any CPU
	EndGlobalSection
	GlobalSection(SolutionProperties) = preSolution
		HideSolutionNode = FALSE
	EndGlobalSection
	GlobalSection(ExtensibilityGlobals) = postSolution
		SolutionGuid = {0DD5DAF4-8FF5-4D3A-947C-B43A8F8AE6CF}
	EndGlobalSection
EndGlobal
